
Microsoft Visual Studio Solution File, Format Version 12.00
# Visual Studio Version 16
VisualStudioVersion = 16.0.30309.148
MinimumVisualStudioVersion = 10.0.40219.1
Project("{FAE04EC0-301F-11D3-BF4B-00C04F79EFBC}") = "PruebaRegaloOriginal", "PruebaRegaloOriginal\PruebaRegaloOriginal.csproj", "{4EDCE186-7AC6-4CE9-BD9A-E005C75D19D7}"
EndProject
Global
	GlobalSection(SolutionConfigurationPlatforms) = preSolution
		Debug|Any CPU = Debug|Any CPU
		Release|Any CPU = Release|Any CPU
	EndGlobalSection
	GlobalSection(ProjectConfigurationPlatforms) = postSolution
		{4EDCE186-7AC6-4CE9-BD9A-E005C75D19D7}.Debug|Any CPU.ActiveCfg = Debug|Any CPU
		{4EDCE186-7AC6-4CE9-BD9A-E005C75D19D7}.Debug|Any CPU.Build.0 = Debug|Any CPU
		{4EDCE186-7AC6-4CE9-BD9A-E005C75D19D7}.Release|Any CPU.ActiveCfg = Release|Any CPU
		{4EDCE186-7AC6-4CE9-BD9A-E005C75D19D7}.Release|Any CPU.Build.0 = Release|Any CPU
	EndGlobalSection
	GlobalSection(SolutionProperties) = preSolution
		HideSolutionNode = FALSE
	EndGlobalSection
	GlobalSection(ExtensibilityGlobals) = postSolution
		SolutionGuid = {DD4BB900-B428-4687-8069-DF025E7FFC5D}
	EndGlobalSection
EndGlobal
